// !$*UTF8*$!
{
	archiveVersion = 1;
	classes = {
	};
	objectVersion = 50;
	objects = {

/* Begin PBXBuildFile section */
		D5F5F3D72310770C002C1DA9 /* AppDelegate.swift in Sources */ = {isa = PBXBuildFile; fileRef = D5F5F3D62310770C002C1DA9 /* AppDelegate.swift */; };
		D5F5F3DC2310770C002C1DA9 /* Main.storyboard in Resources */ = {isa = PBXBuildFile; fileRef = D5F5F3DA2310770C002C1DA9 /* Main.storyboard */; };
		D5F5F3DF2310770C002C1DA9 /* TextToSpeech.xcdatamodeld in Sources */ = {isa = PBXBuildFile; fileRef = D5F5F3DD2310770C002C1DA9 /* TextToSpeech.xcdatamodeld */; };
		D5F5F3E12310770D002C1DA9 /* Assets.xcassets in Resources */ = {isa = PBXBuildFile; fileRef = D5F5F3E02310770D002C1DA9 /* Assets.xcassets */; };
		D5F5F3E42310770D002C1DA9 /* LaunchScreen.storyboard in Resources */ = {isa = PBXBuildFile; fileRef = D5F5F3E22310770D002C1DA9 /* LaunchScreen.storyboard */; };
		D5F5F3EF2310770D002C1DA9 /* TextToSpeechUITests.swift in Sources */ = {isa = PBXBuildFile; fileRef = D5F5F3EE2310770D002C1DA9 /* TextToSpeechUITests.swift */; };
		D5F5F3FA23107D82002C1DA9 /* TextToSpeechViewController.swift in Sources */ = {isa = PBXBuildFile; fileRef = D5F5F3F923107D82002C1DA9 /* TextToSpeechViewController.swift */; };
/* End PBXBuildFile section */

/* Begin PBXContainerItemProxy section */
		D5F5F3EB2310770D002C1DA9 /* PBXContainerItemProxy */ = {
			isa = PBXContainerItemProxy;
			containerPortal = D5F5F3CB2310770C002C1DA9 /* Project object */;
			proxyType = 1;
			remoteGlobalIDString = D5F5F3D22310770C002C1DA9;
			remoteInfo = TextToSpeech;
		};
/* End PBXContainerItemProxy section */

/* Begin PBXFileReference section */
		D5F5F3D32310770C002C1DA9 /* TextToSpeech.app */ = {isa = PBXFileReference; explicitFileType = wrapper.application; includeInIndex = 0; path = TextToSpeech.app; sourceTree = BUILT_PRODUCTS_DIR; };
		D5F5F3D62310770C002C1DA9 /* AppDelegate.swift */ = {isa = PBXFileReference; lastKnownFileType = sourcecode.swift; path = AppDelegate.swift; sourceTree = "<group>"; };
		D5F5F3DB2310770C002C1DA9 /* Base */ = {isa = PBXFileReference; lastKnownFileType = file.storyboard; name = Base; path = Base.lproj/Main.storyboard; sourceTree = "<group>"; };
		D5F5F3DE2310770C002C1DA9 /* TextToSpeech.xcdatamodel */ = {isa = PBXFileReference; lastKnownFileType = wrapper.xcdatamodel; path = TextToSpeech.xcdatamodel; sourceTree = "<group>"; };
		D5F5F3E02310770D002C1DA9 /* Assets.xcassets */ = {isa = PBXFileReference; lastKnownFileType = folder.assetcatalog; path = Assets.xcassets; sourceTree = "<group>"; };
		D5F5F3E32310770D002C1DA9 /* Base */ = {isa = PBXFileReference; lastKnownFileType = file.storyboard; name = Base; path = Base.lproj/LaunchScreen.storyboard; sourceTree = "<group>"; };
		D5F5F3E52310770D002C1DA9 /* Info.plist */ = {isa = PBXFileReference; lastKnownFileType = text.plist.xml; path = Info.plist; sourceTree = "<group>"; };
		D5F5F3EA2310770D002C1DA9 /* TextToSpeechUITests.xctest */ = {isa = PBXFileReference; explicitFileType = wrapper.cfbundle; includeInIndex = 0; path = TextToSpeechUITests.xctest; sourceTree = BUILT_PRODUCTS_DIR; };
		D5F5F3EE2310770D002C1DA9 /* TextToSpeechUITests.swift */ = {isa = PBXFileReference; lastKnownFileType = sourcecode.swift; path = TextToSpeechUITests.swift; sourceTree = "<group>"; };
		D5F5F3F02310770D002C1DA9 /* Info.plist */ = {isa = PBXFileReference; lastKnownFileType = text.plist.xml; path = Info.plist; sourceTree = "<group>"; };
		D5F5F3F923107D82002C1DA9 /* TextToSpeechViewController.swift */ = {isa = PBXFileReference; lastKnownFileType = sourcecode.swift; path = TextToSpeechViewController.swift; sourceTree = "<group>"; };
/* End PBXFileReference section */

/* Begin PBXFrameworksBuildPhase section */
		D5F5F3D02310770C002C1DA9 /* Frameworks */ = {
			isa = PBXFrameworksBuildPhase;
			buildActionMask = 2147483647;
			files = (
			);
			runOnlyForDeploymentPostprocessing = 0;
		};
		D5F5F3E72310770D002C1DA9 /* Frameworks */ = {
			isa = PBXFrameworksBuildPhase;
			buildActionMask = 2147483647;
			files = (
			);
			runOnlyForDeploymentPostprocessing = 0;
		};
/* End PBXFrameworksBuildPhase section */

/* Begin PBXGroup section */
		D5F5F3CA2310770C002C1DA9 = {
			isa = PBXGroup;
			children = (
				D5F5F3D52310770C002C1DA9 /* TextToSpeech */,
				D5F5F3ED2310770D002C1DA9 /* TextToSpeechUITests */,
				D5F5F3D42310770C002C1DA9 /* Products */,
			);
			sourceTree = "<group>";
		};
		D5F5F3D42310770C002C1DA9 /* Products */ = {
			isa = PBXGroup;
			children = (
				D5F5F3D32310770C002C1DA9 /* TextToSpeech.app */,
				D5F5F3EA2310770D002C1DA9 /* TextToSpeechUITests.xctest */,
			);
			name = Products;
			sourceTree = "<group>";
		};
		D5F5F3D52310770C002C1DA9 /* TextToSpeech */ = {
			isa = PBXGroup;
			children = (
				D5F5F3D62310770C002C1DA9 /* AppDelegate.swift */,
				D5F5F3DA2310770C002C1DA9 /* Main.storyboard */,
				D5F5F3F923107D82002C1DA9 /* TextToSpeechViewController.swift */,
				D5F5F3E02310770D002C1DA9 /* Assets.xcassets */,
				D5F5F3E22310770D002C1DA9 /* LaunchScreen.storyboard */,
				D5F5F3E52310770D002C1DA9 /* Info.plist */,
				D5F5F3DD2310770C002C1DA9 /* TextToSpeech.xcdatamodeld */,
			);
			path = TextToSpeech;
			sourceTree = "<group>";
		};
		D5F5F3ED2310770D002C1DA9 /* TextToSpeechUITests */ = {
			isa = PBXGroup;
			children = (
				D5F5F3EE2310770D002C1DA9 /* TextToSpeechUITests.swift */,
				D5F5F3F02310770D002C1DA9 /* Info.plist */,
			);
			path = TextToSpeechUITests;
			sourceTree = "<group>";
		};
/* End PBXGroup section */

/* Begin PBXNativeTarget section */
		D5F5F3D22310770C002C1DA9 /* TextToSpeech */ = {
			isa = PBXNativeTarget;
			buildConfigurationList = D5F5F3F32310770D002C1DA9 /* Build configuration list for PBXNativeTarget "TextToSpeech" */;
			buildPhases = (
				D5F5F3CF2310770C002C1DA9 /* Sources */,
				D5F5F3D02310770C002C1DA9 /* Frameworks */,
				D5F5F3D12310770C002C1DA9 /* Resources */,
			);
			buildRules = (
			);
			dependencies = (
			);
			name = TextToSpeech;
			productName = TextToSpeech;
			productReference = D5F5F3D32310770C002C1DA9 /* TextToSpeech.app */;
			productType = "com.apple.product-type.application";
		};
		D5F5F3E92310770D002C1DA9 /* TextToSpeechUITests */ = {
			isa = PBXNativeTarget;
			buildConfigurationList = D5F5F3F62310770D002C1DA9 /* Build configuration list for PBXNativeTarget "TextToSpeechUITests" */;
			buildPhases = (
				D5F5F3E62310770D002C1DA9 /* Sources */,
				D5F5F3E72310770D002C1DA9 /* Frameworks */,
				D5F5F3E82310770D002C1DA9 /* Resources */,
			);
			buildRules = (
			);
			dependencies = (
				D5F5F3EC2310770D002C1DA9 /* PBXTargetDependency */,
			);
			name = TextToSpeechUITests;
			productName = TextToSpeechUITests;
			productReference = D5F5F3EA2310770D002C1DA9 /* TextToSpeechUITests.xctest */;
			productType = "com.apple.product-type.bundle.ui-testing";
		};
/* End PBXNativeTarget section */

/* Begin PBXProject section */
		D5F5F3CB2310770C002C1DA9 /* Project object */ = {
			isa = PBXProject;
			attributes = {
				LastSwiftUpdateCheck = 1010;
				LastUpgradeCheck = 1010;
				ORGANIZATIONNAME = "Felipe Costa";
				TargetAttributes = {
					D5F5F3D22310770C002C1DA9 = {
						CreatedOnToolsVersion = 10.1;
					};
					D5F5F3E92310770D002C1DA9 = {
						CreatedOnToolsVersion = 10.1;
						TestTargetID = D5F5F3D22310770C002C1DA9;
					};
				};
			};
			buildConfigurationList = D5F5F3CE2310770C002C1DA9 /* Build configuration list for PBXProject "TextToSpeech" */;
			compatibilityVersion = "Xcode 9.3";
			developmentRegion = en;
			hasScannedForEncodings = 0;
			knownRegions = (
				en,
				Base,
			);
			mainGroup = D5F5F3CA2310770C002C1DA9;
			productRefGroup = D5F5F3D42310770C002C1DA9 /* Products */;
			projectDirPath = "";
			projectRoot = "";
			targets = (
				D5F5F3D22310770C002C1DA9 /* TextToSpeech */,
				D5F5F3E92310770D002C1DA9 /* TextToSpeechUITests */,
			);
		};
/* End PBXProject section */

/* Begin PBXResourcesBuildPhase section */
		D5F5F3D12310770C002C1DA9 /* Resources */ = {
			isa = PBXResourcesBuildPhase;
			buildActionMask = 2147483647;
			files = (
				D5F5F3E42310770D002C1DA9 /* LaunchScreen.storyboard in Resources */,
				D5F5F3E12310770D002C1DA9 /* Assets.xcassets in Resources */,
				D5F5F3DC2310770C002C1DA9 /* Main.storyboard in Resources */,
			);
			runOnlyForDeploymentPostprocessing = 0;
		};
		D5F5F3E82310770D002C1DA9 /* Resources */ = {
			isa = PBXResourcesBuildPhase;
			buildActionMask = 2147483647;
			files = (
			);
			runOnlyForDeploymentPostprocessing = 0;
		};
/* End PBXResourcesBuildPhase section */

/* Begin PBXSourcesBuildPhase section */
		D5F5F3CF2310770C002C1DA9 /* Sources */ = {
			isa = PBXSourcesBuildPhase;
			buildActionMask = 2147483647;
			files = (
				D5F5F3FA23107D82002C1DA9 /* TextToSpeechViewController.swift in Sources */,
				D5F5F3DF2310770C002C1DA9 /* TextToSpeech.xcdatamodeld in Sources */,
				D5F5F3D72310770C002C1DA9 /* AppDelegate.swift in Sources */,
			);
			runOnlyForDeploymentPostprocessing = 0;
		};
		D5F5F3E62310770D002C1DA9 /* Sources */ = {
			isa = PBXSourcesBuildPhase;
			buildActionMask = 2147483647;
			files = (
				D5F5F3EF2310770D002C1DA9 /* TextToSpeechUITests.swift in Sources */,
			);
			runOnlyForDeploymentPostprocessing = 0;
		};
/* End PBXSourcesBuildPhase section */

/* Begin PBXTargetDependency section */
		D5F5F3EC2310770D002C1DA9 /* PBXTargetDependency */ = {
			isa = PBXTargetDependency;
			target = D5F5F3D22310770C002C1DA9 /* TextToSpeech */;
			targetProxy = D5F5F3EB2310770D002C1DA9 /* PBXContainerItemProxy */;
		};
/* End PBXTargetDependency section */

/* Begin PBXVariantGroup section */
		D5F5F3DA2310770C002C1DA9 /* Main.storyboard */ = {
			isa = PBXVariantGroup;
			children = (
				D5F5F3DB2310770C002C1DA9 /* Base */,
			);
			name = Main.storyboard;
			sourceTree = "<group>";
		};
		D5F5F3E22310770D002C1DA9 /* LaunchScreen.storyboard */ = {
			isa = PBXVariantGroup;
			children = (
				D5F5F3E32310770D002C1DA9 /* Base */,
			);
			name = LaunchScreen.storyboard;
			sourceTree = "<group>";
		};
/* End PBXVariantGroup section */

/* Begin XCBuildConfiguration section */
		D5F5F3F12310770D002C1DA9 /* Debug */ = {
			isa = XCBuildConfiguration;
			buildSettings = {
				ALWAYS_SEARCH_USER_PATHS = NO;
				CLANG_ANALYZER_NONNULL = YES;
				CLANG_ANALYZER_NUMBER_OBJECT_CONVERSION = YES_AGGRESSIVE;
				CLANG_CXX_LANGUAGE_STANDARD = "gnu++14";
				CLANG_CXX_LIBRARY = "libc++";
				CLANG_ENABLE_MODULES = YES;
				CLANG_ENABLE_OBJC_ARC = YES;
				CLANG_ENABLE_OBJC_WEAK = YES;
				CLANG_WARN_BLOCK_CAPTURE_AUTORELEASING = YES;
				CLANG_WARN_BOOL_CONVERSION = YES;
				CLANG_WARN_COMMA = YES;
				CLANG_WARN_CONSTANT_CONVERSION = YES;
				CLANG_WARN_DEPRECATED_OBJC_IMPLEMENTATIONS = YES;
				CLANG_WARN_DIRECT_OBJC_ISA_USAGE = YES_ERROR;
				CLANG_WARN_DOCUMENTATION_COMMENTS = YES;
				CLANG_WARN_EMPTY_BODY = YES;
				CLANG_WARN_ENUM_CONVERSION = YES;
				CLANG_WARN_INFINITE_RECURSION = YES;
				CLANG_WARN_INT_CONVERSION = YES;
				CLANG_WARN_NON_LITERAL_NULL_CONVERSION = YES;
				CLANG_WARN_OBJC_IMPLICIT_RETAIN_SELF = YES;
				CLANG_WARN_OBJC_LITERAL_CONVERSION = YES;
				CLANG_WARN_OBJC_ROOT_CLASS = YES_ERROR;
				CLANG_WARN_RANGE_LOOP_ANALYSIS = YES;
				CLANG_WARN_STRICT_PROTOTYPES = YES;
				CLANG_WARN_SUSPICIOUS_MOVE = YES;
				CLANG_WARN_UNGUARDED_AVAILABILITY = YES_AGGRESSIVE;
				CLANG_WARN_UNREACHABLE_CODE = YES;
				CLANG_WARN__DUPLICATE_METHOD_MATCH = YES;
				CODE_SIGN_IDENTITY = "iPhone Developer";
				COPY_PHASE_STRIP = NO;
				DEBUG_INFORMATION_FORMAT = dwarf;
				ENABLE_STRICT_OBJC_MSGSEND = YES;
				ENABLE_TESTABILITY = YES;
				GCC_C_LANGUAGE_STANDARD = gnu11;
				GCC_DYNAMIC_NO_PIC = NO;
				GCC_NO_COMMON_BLOCKS = YES;
				GCC_OPTIMIZATION_LEVEL = 0;
				GCC_PREPROCESSOR_DEFINITIONS = (
					"DEBUG=1",
					"$(inherited)",
				);
				GCC_WARN_64_TO_32_BIT_CONVERSION = YES;
				GCC_WARN_ABOUT_RETURN_TYPE = YES_ERROR;
				GCC_WARN_UNDECLARED_SELECTOR = YES;
				GCC_WARN_UNINITIALIZED_AUTOS = YES_AGGRESSIVE;
				GCC_WARN_UNUSED_FUNCTION = YES;
				GCC_WARN_UNUSED_VARIABLE = YES;
				IPHONEOS_DEPLOYMENT_TARGET = 12.1;
				MTL_ENABLE_DEBUG_INFO = INCLUDE_SOURCE;
				MTL_FAST_MATH = YES;
				ONLY_ACTIVE_ARCH = YES;
				SDKROOT = iphoneos;
				SWIFT_ACTIVE_COMPILATION_CONDITIONS = DEBUG;
				SWIFT_OPTIMIZATION_LEVEL = "-Onone";
			};
			name = Debug;
		};
		D5F5F3F22310770D002C1DA9 /* Release */ = {
			isa = XCBuildConfiguration;
			buildSettings = {
				ALWAYS_SEARCH_USER_PATHS = NO;
				CLANG_ANALYZER_NONNULL = YES;
				CLANG_ANALYZER_NUMBER_OBJECT_CONVERSION = YES_AGGRESSIVE;
				CLANG_CXX_LANGUAGE_STANDARD = "gnu++14";
				CLANG_CXX_LIBRARY = "libc++";
				CLANG_ENABLE_MODULES = YES;
				CLANG_ENABLE_OBJC_ARC = YES;
				CLANG_ENABLE_OBJC_WEAK = YES;
				CLANG_WARN_BLOCK_CAPTURE_AUTORELEASING = YES;
				CLANG_WARN_BOOL_CONVERSION = YES;
				CLANG_WARN_COMMA = YES;
				CLANG_WARN_CONSTANT_CONVERSION = YES;
				CLANG_WARN_DEPRECATED_OBJC_IMPLEMENTATIONS = YES;
				CLANG_WARN_DIRECT_OBJC_ISA_USAGE = YES_ERROR;
				CLANG_WARN_DOCUMENTATION_COMMENTS = YES;
				CLANG_WARN_EMPTY_BODY = YES;
				CLANG_WARN_ENUM_CONVERSION = YES;
				CLANG_WARN_INFINITE_RECURSION = YES;
				CLANG_WARN_INT_CONVERSION = YES;
				CLANG_WARN_NON_LITERAL_NULL_CONVERSION = YES;
				CLANG_WARN_OBJC_IMPLICIT_RETAIN_SELF = YES;
				CLANG_WARN_OBJC_LITERAL_CONVERSION = YES;
				CLANG_WARN_OBJC_ROOT_CLASS = YES_ERROR;
				CLANG_WARN_RANGE_LOOP_ANALYSIS = YES;
				CLANG_WARN_STRICT_PROTOTYPES = YES;
				CLANG_WARN_SUSPICIOUS_MOVE = YES;
				CLANG_WARN_UNGUARDED_AVAILABILITY = YES_AGGRESSIVE;
				CLANG_WARN_UNREACHABLE_CODE = YES;
				CLANG_WARN__DUPLICATE_METHOD_MATCH = YES;
				CODE_SIGN_IDENTITY = "iPhone Developer";
				COPY_PHASE_STRIP = NO;
				DEBUG_INFORMATION_FORMAT = "dwarf-with-dsym";
				ENABLE_NS_ASSERTIONS = NO;
				ENABLE_STRICT_OBJC_MSGSEND = YES;
				GCC_C_LANGUAGE_STANDARD = gnu11;
				GCC_NO_COMMON_BLOCKS = YES;
				GCC_WARN_64_TO_32_BIT_CONVERSION = YES;
				GCC_WARN_ABOUT_RETURN_TYPE = YES_ERROR;
				GCC_WARN_UNDECLARED_SELECTOR = YES;
				GCC_WARN_UNINITIALIZED_AUTOS = YES_AGGRESSIVE;
				GCC_WARN_UNUSED_FUNCTION = YES;
				GCC_WARN_UNUSED_VARIABLE = YES;
				IPHONEOS_DEPLOYMENT_TARGET = 12.1;
				MTL_ENABLE_DEBUG_INFO = NO;
				MTL_FAST_MATH = YES;
				SDKROOT = iphoneos;
				SWIFT_COMPILATION_MODE = wholemodule;
				SWIFT_OPTIMIZATION_LEVEL = "-O";
				VALIDATE_PRODUCT = YES;
			};
			name = Release;
		};
		D5F5F3F42310770D002C1DA9 /* Debug */ = {
			isa = XCBuildConfiguration;
			buildSettings = {
				ASSETCATALOG_COMPILER_APPICON_NAME = AppIcon;
				CODE_SIGN_STYLE = Automatic;
				DEVELOPMENT_TEAM = 67M3TUBYTU;
				INFOPLIST_FILE = TextToSpeech/Info.plist;
				LD_RUNPATH_SEARCH_PATHS = (
					"$(inherited)",
					"@executable_path/Frameworks",
				);
				PRODUCT_BUNDLE_IDENTIFIER = fvc2m9.mizzou.TextToSpeech;
				PRODUCT_NAME = "$(TARGET_NAME)";
				SWIFT_VERSION = 4.2;
				TARGETED_DEVICE_FAMILY = "1,2";
			};
			name = Debug;
		};
		D5F5F3F52310770D002C1DA9 /* Release */ = {
			isa = XCBuildConfiguration;
			buildSettings = {
				ASSETCATALOG_COMPILER_APPICON_NAME = AppIcon;
				CODE_SIGN_STYLE = Automatic;
				DEVELOPMENT_TEAM = 67M3TUBYTU;
				INFOPLIST_FILE = TextToSpeech/Info.plist;
				LD_RUNPATH_SEARCH_PATHS = (
					"$(inherited)",
					"@executable_path/Frameworks",
				);
				PRODUCT_BUNDLE_IDENTIFIER = fvc2m9.mizzou.TextToSpeech;
				PRODUCT_NAME = "$(TARGET_NAME)";
				SWIFT_VERSION = 4.2;
				TARGETED_DEVICE_FAMILY = "1,2";
			};
			name = Release;
		};
		D5F5F3F72310770D002C1DA9 /* Debug */ = {
			isa = XCBuildConfiguration;
			buildSettings = {
				ALWAYS_EMBED_SWIFT_STANDARD_LIBRARIES = YES;
				CODE_SIGN_STYLE = Automatic;
				DEVELOPMENT_TEAM = 67M3TUBYTU;
				INFOPLIST_FILE = TextToSpeechUITests/Info.plist;
				LD_RUNPATH_SEARCH_PATHS = (
					"$(inherited)",
					"@executable_path/Frameworks",
					"@loader_path/Frameworks",
				);
				PRODUCT_BUNDLE_IDENTIFIER = fvc2m9.mizzou.TextToSpeechUITests;
				PRODUCT_NAME = "$(TARGET_NAME)";
				SWIFT_VERSION = 4.2;
				TARGETED_DEVICE_FAMILY = "1,2";
				TEST_TARGET_NAME = TextToSpeech;
			};
			name = Debug;
		};
		D5F5F3F82310770D002C1DA9 /* Release */ = {
			isa = XCBuildConfiguration;
			buildSettings = {
				ALWAYS_EMBED_SWIFT_STANDARD_LIBRARIES = YES;
				CODE_SIGN_STYLE = Automatic;
				DEVELOPMENT_TEAM = 67M3TUBYTU;
				INFOPLIST_FILE = TextToSpeechUITests/Info.plist;
				LD_RUNPATH_SEARCH_PATHS = (
					"$(inherited)",
					"@executable_path/Frameworks",
					"@loader_path/Frameworks",
				);
				PRODUCT_BUNDLE_IDENTIFIER = fvc2m9.mizzou.TextToSpeechUITests;
				PRODUCT_NAME = "$(TARGET_NAME)";
				SWIFT_VERSION = 4.2;
				TARGETED_DEVICE_FAMILY = "1,2";
				TEST_TARGET_NAME = TextToSpeech;
			};
			name = Release;
		};
/* End XCBuildConfiguration section */

/* Begin XCConfigurationList section */
		D5F5F3CE2310770C002C1DA9 /* Build configuration list for PBXProject "TextToSpeech" */ = {
			isa = XCConfigurationList;
			buildConfigurations = (
				D5F5F3F12310770D002C1DA9 /* Debug */,
				D5F5F3F22310770D002C1DA9 /* Release */,
			);
			defaultConfigurationIsVisible = 0;
			defaultConfigurationName = Release;
		};
		D5F5F3F32310770D002C1DA9 /* Build configuration list for PBXNativeTarget "TextToSpeech" */ = {
			isa = XCConfigurationList;
			buildConfigurations = (
				D5F5F3F42310770D002C1DA9 /* Debug */,
				D5F5F3F52310770D002C1DA9 /* Release */,
			);
			defaultConfigurationIsVisible = 0;
			defaultConfigurationName = Release;
		};
		D5F5F3F62310770D002C1DA9 /* Build configuration list for PBXNativeTarget "TextToSpeechUITests" */ = {
			isa = XCConfigurationList;
			buildConfigurations = (
				D5F5F3F72310770D002C1DA9 /* Debug */,
				D5F5F3F82310770D002C1DA9 /* Release */,
			);
			defaultConfigurationIsVisible = 0;
			defaultConfigurationName = Release;
		};
/* End XCConfigurationList section */

/* Begin XCVersionGroup section */
		D5F5F3DD2310770C002C1DA9 /* TextToSpeech.xcdatamodeld */ = {
			isa = XCVersionGroup;
			children = (
				D5F5F3DE2310770C002C1DA9 /* TextToSpeech.xcdatamodel */,
			);
			currentVersion = D5F5F3DE2310770C002C1DA9 /* TextToSpeech.xcdatamodel */;
			path = TextToSpeech.xcdatamodeld;
			sourceTree = "<group>";
			versionGroupType = wrapper.xcdatamodel;
		};
/* End XCVersionGroup section */
	};
	rootObject = D5F5F3CB2310770C002C1DA9 /* Project object */;
}
